
Microsoft Visual Studio Solution File, Format Version 12.00
# Visual Studio Version 16
VisualStudioVersion = 16.0.29418.71
MinimumVisualStudioVersion = 10.0.40219.1
Project("{FAE04EC0-301F-11D3-BF4B-00C04F79EFBC}") = "W1_OX", "W1_OX\W1_OX.csproj", "{4FCC1AFC-8459-43F4-8C41-2A73A94A82C0}"
EndProject
Global
	GlobalSection(SolutionConfigurationPlatforms) = preSolution
		Debug|Any CPU = Debug|Any CPU
		Release|Any CPU = Release|Any CPU
	EndGlobalSection
	GlobalSection(ProjectConfigurationPlatforms) = postSolution
		{4FCC1AFC-8459-43F4-8C41-2A73A94A82C0}.Debug|Any CPU.ActiveCfg = Debug|Any CPU
		{4FCC1AFC-8459-43F4-8C41-2A73A94A82C0}.Debug|Any CPU.Build.0 = Debug|Any CPU
		{4FCC1AFC-8459-43F4-8C41-2A73A94A82C0}.Release|Any CPU.ActiveCfg = Release|Any CPU
		{4FCC1AFC-8459-43F4-8C41-2A73A94A82C0}.Release|Any CPU.Build.0 = Release|Any CPU
	EndGlobalSection
	GlobalSection(SolutionProperties) = preSolution
		HideSolutionNode = FALSE
	EndGlobalSection
	GlobalSection(ExtensibilityGlobals) = postSolution
		SolutionGuid = {147613B5-C777-417F-B81E-32FB80A1F52A}
	EndGlobalSection
EndGlobal
